
Microsoft Visual Studio Solution File, Format Version 12.00
# Visual Studio Version 17
VisualStudioVersion = 17.5.002.0
MinimumVisualStudioVersion = 10.0.40219.1
Project("{9A19103F-16F7-4668-BE54-9A1E7A4F7556}") = "web-api", "web-api.csproj", "{1F2AAFC2-98B3-4D5D-AB90-DC6C446B4553}"
EndProject
Global
	GlobalSection(SolutionConfigurationPlatforms) = preSolution
		Debug|Any CPU = Debug|Any CPU
		Release|Any CPU = Release|Any CPU
	EndGlobalSection
	GlobalSection(ProjectConfigurationPlatforms) = postSolution
		{1F2AAFC2-98B3-4D5D-AB90-DC6C446B4553}.Debug|Any CPU.ActiveCfg = Debug|Any CPU
		{1F2AAFC2-98B3-4D5D-AB90-DC6C446B4553}.Debug|Any CPU.Build.0 = Debug|Any CPU
		{1F2AAFC2-98B3-4D5D-AB90-DC6C446B4553}.Release|Any CPU.ActiveCfg = Release|Any CPU
		{1F2AAFC2-98B3-4D5D-AB90-DC6C446B4553}.Release|Any CPU.Build.0 = Release|Any CPU
	EndGlobalSection
	GlobalSection(SolutionProperties) = preSolution
		HideSolutionNode = FALSE
	EndGlobalSection
	GlobalSection(ExtensibilityGlobals) = postSolution
		SolutionGuid = {103106AC-03B8-498F-8F47-BEA371570AD8}
	EndGlobalSection
EndGlobal
